
Microsoft Visual Studio Solution File, Format Version 12.00
# Visual Studio Version 17
VisualStudioVersion = 17.2.32616.157
MinimumVisualStudioVersion = 10.0.40219.1
Project("{FAE04EC0-301F-11D3-BF4B-00C04F79EFBC}") = "AgricultureApp", "AgricultureApp\AgricultureApp.csproj", "{4AE355F2-5CA7-4E30-B40B-3FB62BD36FD6}"
EndProject
Global
	GlobalSection(SolutionConfigurationPlatforms) = preSolution
		Debug|Any CPU = Debug|Any CPU
		Release|Any CPU = Release|Any CPU
	EndGlobalSection
	GlobalSection(ProjectConfigurationPlatforms) = postSolution
		{4AE355F2-5CA7-4E30-B40B-3FB62BD36FD6}.Debug|Any CPU.ActiveCfg = Debug|Any CPU
		{4AE355F2-5CA7-4E30-B40B-3FB62BD36FD6}.Debug|Any CPU.Build.0 = Debug|Any CPU
		{4AE355F2-5CA7-4E30-B40B-3FB62BD36FD6}.Release|Any CPU.ActiveCfg = Release|Any CPU
		{4AE355F2-5CA7-4E30-B40B-3FB62BD36FD6}.Release|Any CPU.Build.0 = Release|Any CPU
	EndGlobalSection
	GlobalSection(SolutionProperties) = preSolution
		HideSolutionNode = FALSE
	EndGlobalSection
	GlobalSection(ExtensibilityGlobals) = postSolution
		SolutionGuid = {159F545F-FED9-4B6C-B0B9-D7B012DB0485}
	EndGlobalSection
EndGlobal
